
Microsoft Visual Studio Solution File, Format Version 12.00
# Visual Studio Version 17
VisualStudioVersion = 17.0.31919.166
MinimumVisualStudioVersion = 10.0.40219.1
Project("{8BC9CEB8-8B4A-11D0-8D11-00A0C91BC942}") = "demo", "demo\demo.vcxproj", "{58FD0292-8B43-49CB-88EC-6FCF6B277F45}"
EndProject
Global
	GlobalSection(SolutionConfigurationPlatforms) = preSolution
		Debug|x64 = Debug|x64
		Debug|x86 = Debug|x86
		Release|x64 = Release|x64
		Release|x86 = Release|x86
	EndGlobalSection
	GlobalSection(ProjectConfigurationPlatforms) = postSolution
		{58FD0292-8B43-49CB-88EC-6FCF6B277F45}.Debug|x64.ActiveCfg = Debug|x64
		{58FD0292-8B43-49CB-88EC-6FCF6B277F45}.Debug|x64.Build.0 = Debug|x64
		{58FD0292-8B43-49CB-88EC-6FCF6B277F45}.Debug|x86.ActiveCfg = Debug|Win32
		{58FD0292-8B43-49CB-88EC-6FCF6B277F45}.Debug|x86.Build.0 = Debug|Win32
		{58FD0292-8B43-49CB-88EC-6FCF6B277F45}.Release|x64.ActiveCfg = Release|x64
		{58FD0292-8B43-49CB-88EC-6FCF6B277F45}.Release|x64.Build.0 = Release|x64
		{58FD0292-8B43-49CB-88EC-6FCF6B277F45}.Release|x86.ActiveCfg = Release|Win32
		{58FD0292-8B43-49CB-88EC-6FCF6B277F45}.Release|x86.Build.0 = Release|Win32
	EndGlobalSection
	GlobalSection(SolutionProperties) = preSolution
		HideSolutionNode = FALSE
	EndGlobalSection
	GlobalSection(ExtensibilityGlobals) = postSolution
		SolutionGuid = {ED760884-4C7F-417A-BEB0-FFA71AD4153E}
	EndGlobalSection
EndGlobal
