
Microsoft Visual Studio Solution File, Format Version 12.00
# Visual Studio Version 17
VisualStudioVersion = 17.0.31919.166
MinimumVisualStudioVersion = 10.0.40219.1
Project("{8BC9CEB8-8B4A-11D0-8D11-00A0C91BC942}") = "class", "class\class.vcxproj", "{AB99C012-0A6E-4B09-9D57-EA19A357D38F}"
EndProject
Global
	GlobalSection(SolutionConfigurationPlatforms) = preSolution
		Debug|x64 = Debug|x64
		Debug|x86 = Debug|x86
		Release|x64 = Release|x64
		Release|x86 = Release|x86
	EndGlobalSection
	GlobalSection(ProjectConfigurationPlatforms) = postSolution
		{AB99C012-0A6E-4B09-9D57-EA19A357D38F}.Debug|x64.ActiveCfg = Debug|x64
		{AB99C012-0A6E-4B09-9D57-EA19A357D38F}.Debug|x64.Build.0 = Debug|x64
		{AB99C012-0A6E-4B09-9D57-EA19A357D38F}.Debug|x86.ActiveCfg = Debug|Win32
		{AB99C012-0A6E-4B09-9D57-EA19A357D38F}.Debug|x86.Build.0 = Debug|Win32
		{AB99C012-0A6E-4B09-9D57-EA19A357D38F}.Release|x64.ActiveCfg = Release|x64
		{AB99C012-0A6E-4B09-9D57-EA19A357D38F}.Release|x64.Build.0 = Release|x64
		{AB99C012-0A6E-4B09-9D57-EA19A357D38F}.Release|x86.ActiveCfg = Release|Win32
		{AB99C012-0A6E-4B09-9D57-EA19A357D38F}.Release|x86.Build.0 = Release|Win32
	EndGlobalSection
	GlobalSection(SolutionProperties) = preSolution
		HideSolutionNode = FALSE
	EndGlobalSection
	GlobalSection(ExtensibilityGlobals) = postSolution
		SolutionGuid = {3623F1E6-B893-4870-B021-FC8E059A769F}
	EndGlobalSection
EndGlobal
